{
  "name": "datavisualization",
  "version": "1.0.0",
  "lockfileVersion": 1,
  "requires": true,
  "dependencies": {
    "leaflet": {
      "version": "1.7.1",
      "resolved": "https://registry.npmjs.org/leaflet/-/leaflet-1.7.1.tgz",
      "integrity": "sha512-/xwPEBidtg69Q3HlqPdU3DnrXQOvQU/CCHA1tcDQVzOwm91YMYaILjNp7L4Eaw5Z4sOYdbBz6koWyibppd8Zqw=="
    },
    "leaflet-search": {
      "version": "2.9.9",
      "resolved": "https://registry.npmjs.org/leaflet-search/-/leaflet-search-2.9.9.tgz",
      "integrity": "sha512-sGPjkMz9gQP+CKrY0G/RjQFWHdt1/KDJQiouv1dWogtN66rcE/aPR/DOduCXM3Um+VgsAmr5+jRQ0iK3Fs9I8A==",
      "requires": {
        "leaflet": "*"
      }
    }
  }
}
